
Microsoft Visual Studio Solution File, Format Version 12.00
# Visual Studio Version 17
VisualStudioVersion = 17.5.002.0
MinimumVisualStudioVersion = 10.0.40219.1
Project("{9A19103F-16F7-4668-BE54-9A1E7A4F7556}") = "DataStructures", "DataStructures\DataStructures.csproj", "{75EC98AD-8007-4C08-873F-728E9E393FA1}"
EndProject
Project("{FAE04EC0-301F-11D3-BF4B-00C04F79EFBC}") = "Algorithms", "Algorithms\Algorithms.csproj", "{E127BF14-4F65-477D-8103-EDBB433E5651}"
EndProject
Global
	GlobalSection(SolutionConfigurationPlatforms) = preSolution
		Debug|Any CPU = Debug|Any CPU
		Release|Any CPU = Release|Any CPU
	EndGlobalSection
	GlobalSection(ProjectConfigurationPlatforms) = postSolution
		{75EC98AD-8007-4C08-873F-728E9E393FA1}.Debug|Any CPU.ActiveCfg = Debug|Any CPU
		{75EC98AD-8007-4C08-873F-728E9E393FA1}.Debug|Any CPU.Build.0 = Debug|Any CPU
		{75EC98AD-8007-4C08-873F-728E9E393FA1}.Release|Any CPU.ActiveCfg = Release|Any CPU
		{75EC98AD-8007-4C08-873F-728E9E393FA1}.Release|Any CPU.Build.0 = Release|Any CPU
		{E127BF14-4F65-477D-8103-EDBB433E5651}.Debug|Any CPU.ActiveCfg = Debug|Any CPU
		{E127BF14-4F65-477D-8103-EDBB433E5651}.Debug|Any CPU.Build.0 = Debug|Any CPU
		{E127BF14-4F65-477D-8103-EDBB433E5651}.Release|Any CPU.ActiveCfg = Release|Any CPU
		{E127BF14-4F65-477D-8103-EDBB433E5651}.Release|Any CPU.Build.0 = Release|Any CPU
	EndGlobalSection
	GlobalSection(SolutionProperties) = preSolution
		HideSolutionNode = FALSE
	EndGlobalSection
	GlobalSection(ExtensibilityGlobals) = postSolution
		SolutionGuid = {06FAE09B-7204-4C5E-96CB-E13CD9836BD5}
	EndGlobalSection
EndGlobal
